Microsoft Visual Studio Solution File, Format Version 12.00
# Visual Studio 14
VisualStudioVersion = 14.0.22823.1
MinimumVisualStudioVersion = 10.0.40219.1
Project("{FAE04EC0-301F-11D3-BF4B-00C04F79EFBC}") = "TestingPsExec", "TestingPsExec.csproj", "{2478DEBC-31E1-41B2-8C66-A4AC9E60EDBA}"
EndProject
Global
	GlobalSection(SolutionConfigurationPlatforms) = preSolution
		Debug|Any CPU = Debug|Any CPU
		Release|Any CPU = Release|Any CPU
	EndGlobalSection
	GlobalSection(ProjectConfigurationPlatforms) = postSolution
		{2478DEBC-31E1-41B2-8C66-A4AC9E60EDBA}.Debug|Any CPU.ActiveCfg = Debug|Any CPU
		{2478DEBC-31E1-41B2-8C66-A4AC9E60EDBA}.Debug|Any CPU.Build.0 = Debug|Any CPU
		{2478DEBC-31E1-41B2-8C66-A4AC9E60EDBA}.Release|Any CPU.ActiveCfg = Release|Any CPU
		{2478DEBC-31E1-41B2-8C66-A4AC9E60EDBA}.Release|Any CPU.Build.0 = Release|Any CPU
	EndGlobalSection
	GlobalSection(SolutionProperties) = preSolution
		HideSolutionNode = FALSE
	EndGlobalSection
EndGlobal
